
Microsoft Visual Studio Solution File, Format Version 12.00
# Visual Studio 15
VisualStudioVersion = 15.0.27130.2010
MinimumVisualStudioVersion = 10.0.40219.1
Project("{FAE04EC0-301F-11D3-BF4B-00C04F79EFBC}") = "DeadAnts", "DeadAnts\DeadAnts.csproj", "{5AF44218-C5D5-46B2-8976-7732533BBC1A}"
EndProject
Project("{FAE04EC0-301F-11D3-BF4B-00C04F79EFBC}") = "DeadAntsTests", "DeadAntsTests\DeadAntsTests.csproj", "{26CEC40F-BEE6-4F6E-BD4E-473838C24D6B}"
EndProject
Global
	GlobalSection(SolutionConfigurationPlatforms) = preSolution
		Debug|Any CPU = Debug|Any CPU
		Release|Any CPU = Release|Any CPU
	EndGlobalSection
	GlobalSection(ProjectConfigurationPlatforms) = postSolution
		{5AF44218-C5D5-46B2-8976-7732533BBC1A}.Debug|Any CPU.ActiveCfg = Debug|Any CPU
		{5AF44218-C5D5-46B2-8976-7732533BBC1A}.Debug|Any CPU.Build.0 = Debug|Any CPU
		{5AF44218-C5D5-46B2-8976-7732533BBC1A}.Release|Any CPU.ActiveCfg = Release|Any CPU
		{5AF44218-C5D5-46B2-8976-7732533BBC1A}.Release|Any CPU.Build.0 = Release|Any CPU
		{26CEC40F-BEE6-4F6E-BD4E-473838C24D6B}.Debug|Any CPU.ActiveCfg = Debug|Any CPU
		{26CEC40F-BEE6-4F6E-BD4E-473838C24D6B}.Debug|Any CPU.Build.0 = Debug|Any CPU
		{26CEC40F-BEE6-4F6E-BD4E-473838C24D6B}.Release|Any CPU.ActiveCfg = Release|Any CPU
		{26CEC40F-BEE6-4F6E-BD4E-473838C24D6B}.Release|Any CPU.Build.0 = Release|Any CPU
	EndGlobalSection
	GlobalSection(SolutionProperties) = preSolution
		HideSolutionNode = FALSE
	EndGlobalSection
	GlobalSection(ExtensibilityGlobals) = postSolution
		SolutionGuid = {2BF3CF20-6C06-42D8-8340-07D226EDD54C}
	EndGlobalSection
EndGlobal
